
Microsoft Visual Studio Solution File, Format Version 12.00
# Visual Studio Version 16
VisualStudioVersion = 16.0.30523.141
MinimumVisualStudioVersion = 10.0.40219.1
Project("{FAE04EC0-301F-11D3-BF4B-00C04F79EFBC}") = "Drinks-Self-Learn", "Drinks-Self-Learn.csproj", "{3BAC9AC2-9535-43AE-8F28-1C70E4BAC390}"
EndProject
Global
	GlobalSection(SolutionConfigurationPlatforms) = preSolution
		Debug|Any CPU = Debug|Any CPU
		Release|Any CPU = Release|Any CPU
	EndGlobalSection
	GlobalSection(ProjectConfigurationPlatforms) = postSolution
		{3BAC9AC2-9535-43AE-8F28-1C70E4BAC390}.Debug|Any CPU.ActiveCfg = Debug|Any CPU
		{3BAC9AC2-9535-43AE-8F28-1C70E4BAC390}.Debug|Any CPU.Build.0 = Debug|Any CPU
		{3BAC9AC2-9535-43AE-8F28-1C70E4BAC390}.Release|Any CPU.ActiveCfg = Release|Any CPU
		{3BAC9AC2-9535-43AE-8F28-1C70E4BAC390}.Release|Any CPU.Build.0 = Release|Any CPU
	EndGlobalSection
	GlobalSection(SolutionProperties) = preSolution
		HideSolutionNode = FALSE
	EndGlobalSection
	GlobalSection(ExtensibilityGlobals) = postSolution
		SolutionGuid = {FE830751-901F-4ABB-B7FB-0DA05DD8CF70}
	EndGlobalSection
EndGlobal
